PODS:
  - Alamofire (5.0.5)
  - IQKeyboardManagerSwift (6.5.6)
  - PromisedFuture (1.0.2)

DEPENDENCIES:
  - Alamofire (~> 5.0.0-rc.3)
  - IQKeyboardManagerSwift
  - PromisedFuture

SPEC REPOS:
  trunk:
    - Alamofire
    - IQKeyboardManagerSwift
    - PromisedFuture

SPEC CHECKSUMS:
  Alamofire: df2f8f826963b08b9a870791ad48e07a10090b2e
  IQKeyboardManagerSwift: c7df9d2deb356c04522f5c4b7b6e4ce4d8ed94fe
  PromisedFuture: 15ab3542f9d9c9d62886e2228c606a3e0fd16ccd

PODFILE CHECKSUM: b38bfdbe1021333f75f832269c8863bcd7d0635d

COCOAPODS: 1.10.1
